
Microsoft Visual Studio Solution File, Format Version 12.00
# Visual Studio Version 17
VisualStudioVersion = 17.9.34728.123
MinimumVisualStudioVersion = 10.0.40219.1
Project("{9A19103F-16F7-4668-BE54-9A1E7A4F7556}") = "PustakaCeriaV2", "PustakaCeriaV2\PustakaCeriaV2.csproj", "{23FA19F1-58F8-409F-852D-F372330B1003}"
EndProject
Project("{9A19103F-16F7-4668-BE54-9A1E7A4F7556}") = "ManajemenStokBuku", "ManajemenStokBuku\ManajemenStokBuku.csproj", "{D4989727-04A0-40D1-AAEB-6B1C37F25DE8}"
EndProject
Project("{9A19103F-16F7-4668-BE54-9A1E7A4F7556}") = "ManajemenStokBukuTests", "ManajemenStokBukuTests\ManajemenStokBukuTests.csproj", "{31FBABB2-14AA-4318-BECB-C4467C2BBEC8}"
EndProject
Project("{FAE04EC0-301F-11D3-BF4B-00C04F79EFBC}") = "PustakaCeriaV2Tests", "PustakaCeriaV2Tests\PustakaCeriaV2Tests.csproj", "{6A562501-4316-4980-9F36-8734A7892DB6}"
EndProject
Global
	GlobalSection(SolutionConfigurationPlatforms) = preSolution
		Debug|Any CPU = Debug|Any CPU
		Release|Any CPU = Release|Any CPU
	EndGlobalSection
	GlobalSection(ProjectConfigurationPlatforms) = postSolution
		{23FA19F1-58F8-409F-852D-F372330B1003}.Debug|Any CPU.ActiveCfg = Debug|Any CPU
		{23FA19F1-58F8-409F-852D-F372330B1003}.Debug|Any CPU.Build.0 = Debug|Any CPU
		{23FA19F1-58F8-409F-852D-F372330B1003}.Release|Any CPU.ActiveCfg = Release|Any CPU
		{23FA19F1-58F8-409F-852D-F372330B1003}.Release|Any CPU.Build.0 = Release|Any CPU
		{D4989727-04A0-40D1-AAEB-6B1C37F25DE8}.Debug|Any CPU.ActiveCfg = Debug|Any CPU
		{D4989727-04A0-40D1-AAEB-6B1C37F25DE8}.Debug|Any CPU.Build.0 = Debug|Any CPU
		{D4989727-04A0-40D1-AAEB-6B1C37F25DE8}.Release|Any CPU.ActiveCfg = Release|Any CPU
		{D4989727-04A0-40D1-AAEB-6B1C37F25DE8}.Release|Any CPU.Build.0 = Release|Any CPU
		{31FBABB2-14AA-4318-BECB-C4467C2BBEC8}.Debug|Any CPU.ActiveCfg = Debug|Any CPU
		{31FBABB2-14AA-4318-BECB-C4467C2BBEC8}.Debug|Any CPU.Build.0 = Debug|Any CPU
		{31FBABB2-14AA-4318-BECB-C4467C2BBEC8}.Release|Any CPU.ActiveCfg = Release|Any CPU
		{31FBABB2-14AA-4318-BECB-C4467C2BBEC8}.Release|Any CPU.Build.0 = Release|Any CPU
		{6A562501-4316-4980-9F36-8734A7892DB6}.Debug|Any CPU.ActiveCfg = Debug|Any CPU
		{6A562501-4316-4980-9F36-8734A7892DB6}.Debug|Any CPU.Build.0 = Debug|Any CPU
		{6A562501-4316-4980-9F36-8734A7892DB6}.Release|Any CPU.ActiveCfg = Release|Any CPU
		{6A562501-4316-4980-9F36-8734A7892DB6}.Release|Any CPU.Build.0 = Release|Any CPU
	EndGlobalSection
	GlobalSection(SolutionProperties) = preSolution
		HideSolutionNode = FALSE
	EndGlobalSection
	GlobalSection(ExtensibilityGlobals) = postSolution
		SolutionGuid = {0EDC211B-F3C1-474A-B40B-7C9972DAF2D7}
	EndGlobalSection
EndGlobal
